
Microsoft Visual Studio Solution File, Format Version 12.00
# Visual Studio Version 17
VisualStudioVersion = 17.10.35027.167
MinimumVisualStudioVersion = 10.0.40219.1
Project("{FAE04EC0-301F-11D3-BF4B-00C04F79EFBC}") = "BookStore", "BookStore\BookStore.csproj", "{1C5D25FE-4B91-4DEF-A31D-927350EE1410}"
EndProject
Global
	GlobalSection(SolutionConfigurationPlatforms) = preSolution
		Debug|Any CPU = Debug|Any CPU
		Release|Any CPU = Release|Any CPU
	EndGlobalSection
	GlobalSection(ProjectConfigurationPlatforms) = postSolution
		{1C5D25FE-4B91-4DEF-A31D-927350EE1410}.Debug|Any CPU.ActiveCfg = Debug|Any CPU
		{1C5D25FE-4B91-4DEF-A31D-927350EE1410}.Debug|Any CPU.Build.0 = Debug|Any CPU
		{1C5D25FE-4B91-4DEF-A31D-927350EE1410}.Release|Any CPU.ActiveCfg = Release|Any CPU
		{1C5D25FE-4B91-4DEF-A31D-927350EE1410}.Release|Any CPU.Build.0 = Release|Any CPU
	EndGlobalSection
	GlobalSection(SolutionProperties) = preSolution
		HideSolutionNode = FALSE
	EndGlobalSection
	GlobalSection(ExtensibilityGlobals) = postSolution
		SolutionGuid = {2C97F370-D70C-4806-A2DF-3760CFBAAA53}
	EndGlobalSection
EndGlobal
